Microsoft Visual Studio Solution File, Format Version 12.00
# Visual Studio Version 16
VisualStudioVersion = 16.0.29123.88
MinimumVisualStudioVersion = 10.0.40219.1
Project("{9A19103F-16F7-4668-BE54-9A1E7A4F7556}") = "PhotoMax", "PhotoMax\PhotoMax.csproj", "{4946A44F-E8B5-42DA-B4D0-3150B86962CE}"
EndProject
Global
	GlobalSection(SolutionConfigurationPlatforms) = preSolution
		Debug|Any CPU = Debug|Any CPU
		Release|Any CPU = Release|Any CPU
	EndGlobalSection
	GlobalSection(ProjectConfigurationPlatforms) = postSolution
		{4946A44F-E8B5-42DA-B4D0-3150B86962CE}.Debug|Any CPU.ActiveCfg = Debug|Any CPU
		{4946A44F-E8B5-42DA-B4D0-3150B86962CE}.Debug|Any CPU.Build.0 = Debug|Any CPU
		{4946A44F-E8B5-42DA-B4D0-3150B86962CE}.Release|Any CPU.ActiveCfg = Release|Any CPU
		{4946A44F-E8B5-42DA-B4D0-3150B86962CE}.Release|Any CPU.Build.0 = Release|Any CPU
	EndGlobalSection
	GlobalSection(SolutionProperties) = preSolution
		HideSolutionNode = FALSE
	EndGlobalSection
	GlobalSection(ExtensibilityGlobals) = postSolution
		SolutionGuid = {C5AB200D-D813-4999-885C-304B3350D922}
	EndGlobalSection
EndGlobal
